
Microsoft Visual Studio Solution File, Format Version 12.00
# Visual Studio 15
VisualStudioVersion = 15.0.27703.2047
MinimumVisualStudioVersion = 10.0.40219.1
Project("{FAE04EC0-301F-11D3-BF4B-00C04F79EFBC}") = "ejercicio1", "ejercicio1\ejercicio1.csproj", "{D2BE3B87-2FDB-4EAB-BBBD-707782CFD0C5}"
EndProject
Project("{FAE04EC0-301F-11D3-BF4B-00C04F79EFBC}") = "ejercicio2", "ejercicio2\ejercicio2.csproj", "{04B5971A-3673-4F28-95E8-A7F05F155F23}"
EndProject
Project("{FAE04EC0-301F-11D3-BF4B-00C04F79EFBC}") = "ejercicio3", "ejercicio3\ejercicio3.csproj", "{B8AB6ACA-BD2F-447C-996D-3184888F82CF}"
EndProject
Project("{FAE04EC0-301F-11D3-BF4B-00C04F79EFBC}") = "ejercicio4", "ejercicio4\ejercicio4.csproj", "{EA5F27DC-9802-4153-98A7-763F795CF346}"
EndProject
Project("{FAE04EC0-301F-11D3-BF4B-00C04F79EFBC}") = "ejercicio5", "ejercicio5\ejercicio5.csproj", "{E00E2857-2AAF-49D5-99B8-4C7A1FE4F31A}"
EndProject
Project("{FAE04EC0-301F-11D3-BF4B-00C04F79EFBC}") = "ejercicio6", "ejercicio6\ejercicio6.csproj", "{07DCEC63-2704-41C6-8FD2-F98FF18D10FD}"
EndProject
Project("{FAE04EC0-301F-11D3-BF4B-00C04F79EFBC}") = "ejercicio7", "ejercicio 7\ejercicio7.csproj", "{C357E283-C79F-4451-89A1-D5E28C5F9845}"
EndProject
Global
	GlobalSection(SolutionConfigurationPlatforms) = preSolution
		Debug|Any CPU = Debug|Any CPU
		Release|Any CPU = Release|Any CPU
	EndGlobalSection
	GlobalSection(ProjectConfigurationPlatforms) = postSolution
		{D2BE3B87-2FDB-4EAB-BBBD-707782CFD0C5}.Debug|Any CPU.ActiveCfg = Debug|Any CPU
		{D2BE3B87-2FDB-4EAB-BBBD-707782CFD0C5}.Debug|Any CPU.Build.0 = Debug|Any CPU
		{D2BE3B87-2FDB-4EAB-BBBD-707782CFD0C5}.Release|Any CPU.ActiveCfg = Release|Any CPU
		{D2BE3B87-2FDB-4EAB-BBBD-707782CFD0C5}.Release|Any CPU.Build.0 = Release|Any CPU
		{04B5971A-3673-4F28-95E8-A7F05F155F23}.Debug|Any CPU.ActiveCfg = Debug|Any CPU
		{04B5971A-3673-4F28-95E8-A7F05F155F23}.Debug|Any CPU.Build.0 = Debug|Any CPU
		{04B5971A-3673-4F28-95E8-A7F05F155F23}.Release|Any CPU.ActiveCfg = Release|Any CPU
		{04B5971A-3673-4F28-95E8-A7F05F155F23}.Release|Any CPU.Build.0 = Release|Any CPU
		{B8AB6ACA-BD2F-447C-996D-3184888F82CF}.Debug|Any CPU.ActiveCfg = Debug|Any CPU
		{B8AB6ACA-BD2F-447C-996D-3184888F82CF}.Debug|Any CPU.Build.0 = Debug|Any CPU
		{B8AB6ACA-BD2F-447C-996D-3184888F82CF}.Release|Any CPU.ActiveCfg = Release|Any CPU
		{B8AB6ACA-BD2F-447C-996D-3184888F82CF}.Release|Any CPU.Build.0 = Release|Any CPU
		{EA5F27DC-9802-4153-98A7-763F795CF346}.Debug|Any CPU.ActiveCfg = Debug|Any CPU
		{EA5F27DC-9802-4153-98A7-763F795CF346}.Debug|Any CPU.Build.0 = Debug|Any CPU
		{EA5F27DC-9802-4153-98A7-763F795CF346}.Release|Any CPU.ActiveCfg = Release|Any CPU
		{EA5F27DC-9802-4153-98A7-763F795CF346}.Release|Any CPU.Build.0 = Release|Any CPU
		{E00E2857-2AAF-49D5-99B8-4C7A1FE4F31A}.Debug|Any CPU.ActiveCfg = Debug|Any CPU
		{E00E2857-2AAF-49D5-99B8-4C7A1FE4F31A}.Debug|Any CPU.Build.0 = Debug|Any CPU
		{E00E2857-2AAF-49D5-99B8-4C7A1FE4F31A}.Release|Any CPU.ActiveCfg = Release|Any CPU
		{E00E2857-2AAF-49D5-99B8-4C7A1FE4F31A}.Release|Any CPU.Build.0 = Release|Any CPU
		{07DCEC63-2704-41C6-8FD2-F98FF18D10FD}.Debug|Any CPU.ActiveCfg = Debug|Any CPU
		{07DCEC63-2704-41C6-8FD2-F98FF18D10FD}.Debug|Any CPU.Build.0 = Debug|Any CPU
		{07DCEC63-2704-41C6-8FD2-F98FF18D10FD}.Release|Any CPU.ActiveCfg = Release|Any CPU
		{07DCEC63-2704-41C6-8FD2-F98FF18D10FD}.Release|Any CPU.Build.0 = Release|Any CPU
		{C357E283-C79F-4451-89A1-D5E28C5F9845}.Debug|Any CPU.ActiveCfg = Debug|Any CPU
		{C357E283-C79F-4451-89A1-D5E28C5F9845}.Debug|Any CPU.Build.0 = Debug|Any CPU
		{C357E283-C79F-4451-89A1-D5E28C5F9845}.Release|Any CPU.ActiveCfg = Release|Any CPU
		{C357E283-C79F-4451-89A1-D5E28C5F9845}.Release|Any CPU.Build.0 = Release|Any CPU
	EndGlobalSection
	GlobalSection(SolutionProperties) = preSolution
		HideSolutionNode = FALSE
	EndGlobalSection
	GlobalSection(ExtensibilityGlobals) = postSolution
		SolutionGuid = {186401D8-741D-4D73-A805-94CA37078010}
	EndGlobalSection
EndGlobal
