
Microsoft Visual Studio Solution File, Format Version 12.00
# Visual Studio 15
VisualStudioVersion = 15.0.27703.2047
MinimumVisualStudioVersion = 10.0.40219.1
Project("{FAE04EC0-301F-11D3-BF4B-00C04F79EFBC}") = "EjerciciosCampus", "EjerciciosCampus\EjerciciosCampus.csproj", "{F8042DAF-6FA6-43FE-89B8-E963D31D5AFC}"
EndProject
Global
	GlobalSection(SolutionConfigurationPlatforms) = preSolution
		Debug|Any CPU = Debug|Any CPU
		Release|Any CPU = Release|Any CPU
	EndGlobalSection
	GlobalSection(ProjectConfigurationPlatforms) = postSolution
		{F8042DAF-6FA6-43FE-89B8-E963D31D5AFC}.Debug|Any CPU.ActiveCfg = Debug|Any CPU
		{F8042DAF-6FA6-43FE-89B8-E963D31D5AFC}.Debug|Any CPU.Build.0 = Debug|Any CPU
		{F8042DAF-6FA6-43FE-89B8-E963D31D5AFC}.Release|Any CPU.ActiveCfg = Release|Any CPU
		{F8042DAF-6FA6-43FE-89B8-E963D31D5AFC}.Release|Any CPU.Build.0 = Release|Any CPU
	EndGlobalSection
	GlobalSection(SolutionProperties) = preSolution
		HideSolutionNode = FALSE
	EndGlobalSection
	GlobalSection(ExtensibilityGlobals) = postSolution
		SolutionGuid = {330DDC61-CEEC-4308-A464-95CD077540DE}
	EndGlobalSection
EndGlobal
